// !$*UTF8*$!
{
	archiveVersion = 1;
	classes = {
	};
	objectVersion = 77;
	objects = {

/* Begin PBXBuildFile section */
		02EFB1F00D0DA0A73BBB2E61 /* markdown-it-task-lists.min.js in Resources */ = {isa = PBXBuildFile; fileRef = BE3679C89305E3D0C29688BD /* markdown-it-task-lists.min.js */; };
		0FCB85F17AF7ABDBAE3AB443 /* markdown-it.min.js in Resources */ = {isa = PBXBuildFile; fileRef = 733EBB2778133BA55F3D6977 /* markdown-it.min.js */; };
		0FEF39FD19D4279D1091ACE5 /* QuickMarkPreview.appex in Embed Foundation Extensions */ = {isa = PBXBuildFile; fileRef = 37DA3BBC24FD11A22175E2F1 /* QuickMarkPreview.appex */; settings = {ATTRIBUTES = (CodeSignOnCopy, RemoveHeadersOnCopy, ); }; };
		12058D46FB6E68742B3F3117 /* MxGraphHelperTests.swift in Sources */ = {isa = PBXBuildFile; fileRef = BA6417AEAB51F11D1D0B25CB /* MxGraphHelperTests.swift */; };
		1680DC704AEFB3DEB9526989 /* ContentView.swift in Sources */ = {isa = PBXBuildFile; fileRef = C92239FE1AFE0A52DE5E0FF6 /* ContentView.swift */; };
		1B2CFB60433E6D08902E063C /* katex-inlined.min.css in Resources */ = {isa = PBXBuildFile; fileRef = E2C988C4882CF2552CA9FCAF /* katex-inlined.min.css */; };
		1D521E496227884AAE323D9E /* viewer-static.min.js in Resources */ = {isa = PBXBuildFile; fileRef = CC8A5C21C31E2D01D0398911 /* viewer-static.min.js */; };
		2380A3A4645A28C45B8490C9 /* markdown-it-footnote.min.js in Resources */ = {isa = PBXBuildFile; fileRef = 384575201CF5C2420B1766CE /* markdown-it-footnote.min.js */; };
		26305F759015BB6FDF55F2A4 /* AppearancePreference.swift in Sources */ = {isa = PBXBuildFile; fileRef = 992648D1F73305BF7775701D /* AppearancePreference.swift */; };
		297B075EF7C553C49C61487B /* MxGraphHelper.swift in Sources */ = {isa = PBXBuildFile; fileRef = 496D8582B19D7F290F24E99B /* MxGraphHelper.swift */; };
		35B7E144263FE75AE3993F98 /* texmath.min.css in Resources */ = {isa = PBXBuildFile; fileRef = AE674047DB03868496337751 /* texmath.min.css */; };
		3BBEBD3D34105E55E8A8E66E /* HTMLBuilder.swift in Sources */ = {isa = PBXBuildFile; fileRef = 95FDD838D2D05CF73EC9616B /* HTMLBuilder.swift */; };
		3D1B288FF000AAEF90FABB2A /* AppearancePreference.swift in Sources */ = {isa = PBXBuildFile; fileRef = 992648D1F73305BF7775701D /* AppearancePreference.swift */; };
		3DEE2AA9F3022FDCE306AC3B /* AppearancePreferenceTests.swift in Sources */ = {isa = PBXBuildFile; fileRef = 6F6F848359AE5DCC9100DA6A /* AppearancePreferenceTests.swift */; };
		3EBD2735FC27C39A13A13201 /* viewer-static.min.js in Resources */ = {isa = PBXBuildFile; fileRef = 9E1D84ECE67AD6DA934BCD3D /* viewer-static.min.js */; };
		43C46C23C16C16A68C49BB49 /* highlight.min.js in Resources */ = {isa = PBXBuildFile; fileRef = 202BB1A525B409CFF1EA48B0 /* highlight.min.js */; };
		47ABD3B3E683A8E84AD5A830 /* mermaid.min.js in Resources */ = {isa = PBXBuildFile; fileRef = FB6691AFE4B67F1F3617DDA2 /* mermaid.min.js */; };
		5A45F178AAA310766D7727B0 /* HTMLBuilderTests.swift in Sources */ = {isa = PBXBuildFile; fileRef = BB04BBF826383A2C078A9960 /* HTMLBuilderTests.swift */; };
		5DBE460F9F40DDDCE4CFDF4F /* katex-inlined.min.css in Resources */ = {isa = PBXBuildFile; fileRef = E2C988C4882CF2552CA9FCAF /* katex-inlined.min.css */; };
		623C8CDC325A2A47AF2489D4 /* mermaid.min.js in Resources */ = {isa = PBXBuildFile; fileRef = FB6691AFE4B67F1F3617DDA2 /* mermaid.min.js */; };
		6984BEBAA997CEF0DEE37A6A /* QuickMarkApp.swift in Sources */ = {isa = PBXBuildFile; fileRef = 653CE4750AE1FBB9B41ED4EC /* QuickMarkApp.swift */; };
		802E9B7F6F296A388EAEAE7A /* markdown-it.min.js in Resources */ = {isa = PBXBuildFile; fileRef = 733EBB2778133BA55F3D6977 /* markdown-it.min.js */; };
		817D4640E18EB700302E4632 /* PreviewViewController.swift in Sources */ = {isa = PBXBuildFile; fileRef = 982FCB0E3433F1ABDD5C4FF8 /* PreviewViewController.swift */; };
		820D5FD883F51564F03DE884 /* HTMLBuilder.swift in Sources */ = {isa = PBXBuildFile; fileRef = 95FDD838D2D05CF73EC9616B /* HTMLBuilder.swift */; };
		82725FB873BF2FA202333545 /* MarkdownProcessor.swift in Sources */ = {isa = PBXBuildFile; fileRef = A3E88DDF1B9500E5AAF7A593 /* MarkdownProcessor.swift */; };
		86D9D917876AD6A0DEAD5318 /* MxGraphHelper.swift in Sources */ = {isa = PBXBuildFile; fileRef = 496D8582B19D7F290F24E99B /* MxGraphHelper.swift */; };
		93DACCBCDFF928EDD81A8588 /* AppearancePreference.swift in Sources */ = {isa = PBXBuildFile; fileRef = 992648D1F73305BF7775701D /* AppearancePreference.swift */; };
		9BBC391DC461EAACABAA41A1 /* QuickMarkDrawio.appex in Embed Foundation Extensions */ = {isa = PBXBuildFile; fileRef = E8A9860649E34C9062766E73 /* QuickMarkDrawio.appex */; settings = {ATTRIBUTES = (CodeSignOnCopy, RemoveHeadersOnCopy, ); }; };
		9CE679DB5B277D7D465B0B8F /* katex.min.js in Resources */ = {isa = PBXBuildFile; fileRef = B4E8C01661186C19E8264797 /* katex.min.js */; };
		A05078668B77AD92D1E3C196 /* markdown-it-task-lists.min.js in Resources */ = {isa = PBXBuildFile; fileRef = BE3679C89305E3D0C29688BD /* markdown-it-task-lists.min.js */; };
		A27524EE45737F556B7C4F80 /* katex.min.js in Resources */ = {isa = PBXBuildFile; fileRef = B4E8C01661186C19E8264797 /* katex.min.js */; };
		B063054690299EAE19264F4C /* render.js in Resources */ = {isa = PBXBuildFile; fileRef = CF3C5B03D6538A43D6642970 /* render.js */; };
		B8B8E94D65BC1B70E5925ABB /* MarkdownProcessorTests.swift in Sources */ = {isa = PBXBuildFile; fileRef = 8D4AF0F19C5C0CEB2D631E7E /* MarkdownProcessorTests.swift */; };
		B8CFAC2EF124404F384E4D7D /* hljs-themes.css in Resources */ = {isa = PBXBuildFile; fileRef = A8B67C7C6C85877EF496BD49 /* hljs-themes.css */; };
		B92054FE83D5FBD36F95BA50 /* RenderingTests.swift in Sources */ = {isa = PBXBuildFile; fileRef = B7F0CFCB2514CFA756DBFA7F /* RenderingTests.swift */; };
		BAE77E5524202F0779CCF899 /* highlight.min.js in Resources */ = {isa = PBXBuildFile; fileRef = 202BB1A525B409CFF1EA48B0 /* highlight.min.js */; };
		C587BD8E27366A11E0DAB638 /* render.js in Resources */ = {isa = PBXBuildFile; fileRef = CF3C5B03D6538A43D6642970 /* render.js */; };
		C75E4A5423514B8C52E57512 /* texmath.min.js in Resources */ = {isa = PBXBuildFile; fileRef = 52DA12520FCA33919A26628C /* texmath.min.js */; };
		CE9FC796CF1FC0F45A47E6CC /* viewer-static.min.js in Resources */ = {isa = PBXBuildFile; fileRef = CC8A5C21C31E2D01D0398911 /* viewer-static.min.js */; };
		D64B39EADF670D7D00C2D103 /* MarkdownProcessor.swift in Sources */ = {isa = PBXBuildFile; fileRef = A3E88DDF1B9500E5AAF7A593 /* MarkdownProcessor.swift */; };
		D730DCAD2115B682CC9A770A /* AppearancePreference.swift in Sources */ = {isa = PBXBuildFile; fileRef = 992648D1F73305BF7775701D /* AppearancePreference.swift */; };
		DD4B3AA7CAE3A51AF5C74E89 /* hljs-themes.css in Resources */ = {isa = PBXBuildFile; fileRef = A8B67C7C6C85877EF496BD49 /* hljs-themes.css */; };
		DDC15C4EB7F5565AAC5193F4 /* style.css in Resources */ = {isa = PBXBuildFile; fileRef = 523E7AAA8ABF3D839401ECD9 /* style.css */; };
		E395593C0DB9B425FD922DDF /* MxGraphHelper.swift in Sources */ = {isa = PBXBuildFile; fileRef = 496D8582B19D7F290F24E99B /* MxGraphHelper.swift */; };
		E60D3F1EDBDAA8EC3F2F479A /* texmath.min.css in Resources */ = {isa = PBXBuildFile; fileRef = AE674047DB03868496337751 /* texmath.min.css */; };
		E9DE1F35E970734F9F3C4E06 /* PreviewViewController.swift in Sources */ = {isa = PBXBuildFile; fileRef = 0FDE340D12F2796336DC8896 /* PreviewViewController.swift */; };
		EAE82C679F8C02632758ABA3 /* texmath.min.js in Resources */ = {isa = PBXBuildFile; fileRef = 52DA12520FCA33919A26628C /* texmath.min.js */; };
		ECB8BBF9EB5E4FEEEF39C390 /* style.css in Resources */ = {isa = PBXBuildFile; fileRef = 523E7AAA8ABF3D839401ECD9 /* style.css */; };
		F9764956B3BB16055609F58C /* MxGraphHelper.swift in Sources */ = {isa = PBXBuildFile; fileRef = 496D8582B19D7F290F24E99B /* MxGraphHelper.swift */; };
		FE862145F68EE7761CAD9ED9 /* Assets.xcassets in Resources */ = {isa = PBXBuildFile; fileRef = 43BCB4594E25E7A451777FE2 /* Assets.xcassets */; };
		FFBEF628372545749B97AFE2 /* markdown-it-footnote.min.js in Resources */ = {isa = PBXBuildFile; fileRef = 384575201CF5C2420B1766CE /* markdown-it-footnote.min.js */; };
/* End PBXBuildFile section */

/* Begin PBXContainerItemProxy section */
		703ABE21939FB8387363F2BD /* PBXContainerItemProxy */ = {
			isa = PBXContainerItemProxy;
			containerPortal = B7117A5C0B60D0F71FCD1A5E /* Project object */;
			proxyType = 1;
			remoteGlobalIDString = C56F086387193D1662C234B4;
			remoteInfo = QuickMarkPreview;
		};
		C1033E520461A9242AF3D99A /* PBXContainerItemProxy */ = {
			isa = PBXContainerItemProxy;
			containerPortal = B7117A5C0B60D0F71FCD1A5E /* Project object */;
			proxyType = 1;
			remoteGlobalIDString = 068CEFDEFEFF5BFAF7169E9D;
			remoteInfo = QuickMarkDrawio;
		};
/* End PBXContainerItemProxy section */

/* Begin PBXCopyFilesBuildPhase section */
		CA66C3A76944738A4BBF3FA7 /* Embed Foundation Extensions */ = {
			isa = PBXCopyFilesBuildPhase;
			buildActionMask = 2147483647;
			dstPath = "";
			dstSubfolderSpec = 13;
			files = (
				0FEF39FD19D4279D1091ACE5 /* QuickMarkPreview.appex in Embed Foundation Extensions */,
				9BBC391DC461EAACABAA41A1 /* QuickMarkDrawio.appex in Embed Foundation Extensions */,
			);
			name = "Embed Foundation Extensions";
			runOnlyForDeploymentPostprocessing = 0;
		};
/* End PBXCopyFilesBuildPhase section */

/* Begin PBXFileReference section */
		00AC091187852611E2B49248 /* DrawIO.entitlements */ = {isa = PBXFileReference; lastKnownFileType = text.plist.entitlements; path = DrawIO.entitlements; sourceTree = "<group>"; };
		039DE6F516B91ED5DDFEEAA7 /* QuickMark.app */ = {isa = PBXFileReference; explicitFileType = wrapper.application; includeInIndex = 0; path = QuickMark.app; sourceTree = BUILT_PRODUCTS_DIR; };
		0FDE340D12F2796336DC8896 /* PreviewViewController.swift */ = {isa = PBXFileReference; lastKnownFileType = sourcecode.swift; path = PreviewViewController.swift; sourceTree = "<group>"; };
		202BB1A525B409CFF1EA48B0 /* highlight.min.js */ = {isa = PBXFileReference; lastKnownFileType = sourcecode.javascript; path = highlight.min.js; sourceTree = "<group>"; };
		37DA3BBC24FD11A22175E2F1 /* QuickMarkPreview.appex */ = {isa = PBXFileReference; explicitFileType = "wrapper.app-extension"; includeInIndex = 0; path = QuickMarkPreview.appex; sourceTree = BUILT_PRODUCTS_DIR; };
		384575201CF5C2420B1766CE /* markdown-it-footnote.min.js */ = {isa = PBXFileReference; lastKnownFileType = sourcecode.javascript; path = "markdown-it-footnote.min.js"; sourceTree = "<group>"; };
		43BCB4594E25E7A451777FE2 /* Assets.xcassets */ = {isa = PBXFileReference; lastKnownFileType = folder.assetcatalog; path = Assets.xcassets; sourceTree = "<group>"; };
		496D8582B19D7F290F24E99B /* MxGraphHelper.swift */ = {isa = PBXFileReference; lastKnownFileType = sourcecode.swift; path = MxGraphHelper.swift; sourceTree = "<group>"; };
		523E7AAA8ABF3D839401ECD9 /* style.css */ = {isa = PBXFileReference; lastKnownFileType = text.css; path = style.css; sourceTree = "<group>"; };
		52DA12520FCA33919A26628C /* texmath.min.js */ = {isa = PBXFileReference; lastKnownFileType = sourcecode.javascript; path = texmath.min.js; sourceTree = "<group>"; };
		653CE4750AE1FBB9B41ED4EC /* QuickMarkApp.swift */ = {isa = PBXFileReference; lastKnownFileType = sourcecode.swift; path = QuickMarkApp.swift; sourceTree = "<group>"; };
		6F6F848359AE5DCC9100DA6A /* AppearancePreferenceTests.swift */ = {isa = PBXFileReference; lastKnownFileType = sourcecode.swift; path = AppearancePreferenceTests.swift; sourceTree = "<group>"; };
		733EBB2778133BA55F3D6977 /* markdown-it.min.js */ = {isa = PBXFileReference; lastKnownFileType = sourcecode.javascript; path = "markdown-it.min.js"; sourceTree = "<group>"; };
		8D4AF0F19C5C0CEB2D631E7E /* MarkdownProcessorTests.swift */ = {isa = PBXFileReference; lastKnownFileType = sourcecode.swift; path = MarkdownProcessorTests.swift; sourceTree = "<group>"; };
		95FDD838D2D05CF73EC9616B /* HTMLBuilder.swift */ = {isa = PBXFileReference; lastKnownFileType = sourcecode.swift; path = HTMLBuilder.swift; sourceTree = "<group>"; };
		982FCB0E3433F1ABDD5C4FF8 /* PreviewViewController.swift */ = {isa = PBXFileReference; lastKnownFileType = sourcecode.swift; path = PreviewViewController.swift; sourceTree = "<group>"; };
		992648D1F73305BF7775701D /* AppearancePreference.swift */ = {isa = PBXFileReference; lastKnownFileType = sourcecode.swift; path = AppearancePreference.swift; sourceTree = "<group>"; };
		9E1D84ECE67AD6DA934BCD3D /* viewer-static.min.js */ = {isa = PBXFileReference; lastKnownFileType = sourcecode.javascript; path = "viewer-static.min.js"; sourceTree = "<group>"; };
		A136084A2324C29249FE2BF7 /* QuickMarkTests.entitlements */ = {isa = PBXFileReference; lastKnownFileType = text.plist.entitlements; path = QuickMarkTests.entitlements; sourceTree = "<group>"; };
		A1F48449713EC8C69848C1F7 /* Info.plist */ = {isa = PBXFileReference; lastKnownFileType = text.plist; path = Info.plist; sourceTree = "<group>"; };
		A3E88DDF1B9500E5AAF7A593 /* MarkdownProcessor.swift */ = {isa = PBXFileReference; lastKnownFileType = sourcecode.swift; path = MarkdownProcessor.swift; sourceTree = "<group>"; };
		A8B67C7C6C85877EF496BD49 /* hljs-themes.css */ = {isa = PBXFileReference; lastKnownFileType = text.css; path = "hljs-themes.css"; sourceTree = "<group>"; };
		AE674047DB03868496337751 /* texmath.min.css */ = {isa = PBXFileReference; lastKnownFileType = text.css; path = texmath.min.css; sourceTree = "<group>"; };
		B15951A3E2D2D87FBD8F8126 /* Info.plist */ = {isa = PBXFileReference; lastKnownFileType = text.plist; path = Info.plist; sourceTree = "<group>"; };
		B4E8C01661186C19E8264797 /* katex.min.js */ = {isa = PBXFileReference; lastKnownFileType = sourcecode.javascript; path = katex.min.js; sourceTree = "<group>"; };
		B7F0CFCB2514CFA756DBFA7F /* RenderingTests.swift */ = {isa = PBXFileReference; lastKnownFileType = sourcecode.swift; path = RenderingTests.swift; sourceTree = "<group>"; };
		BA6417AEAB51F11D1D0B25CB /* MxGraphHelperTests.swift */ = {isa = PBXFileReference; lastKnownFileType = sourcecode.swift; path = MxGraphHelperTests.swift; sourceTree = "<group>"; };
		BB04BBF826383A2C078A9960 /* HTMLBuilderTests.swift */ = {isa = PBXFileReference; lastKnownFileType = sourcecode.swift; path = HTMLBuilderTests.swift; sourceTree = "<group>"; };
		BE3679C89305E3D0C29688BD /* markdown-it-task-lists.min.js */ = {isa = PBXFileReference; lastKnownFileType = sourcecode.javascript; path = "markdown-it-task-lists.min.js"; sourceTree = "<group>"; };
		C80CE75D0EB00B561ABB1018 /* QuickMarkTests.xctest */ = {isa = PBXFileReference; explicitFileType = wrapper.cfbundle; includeInIndex = 0; path = QuickMarkTests.xctest; sourceTree = BUILT_PRODUCTS_DIR; };
		C92239FE1AFE0A52DE5E0FF6 /* ContentView.swift */ = {isa = PBXFileReference; lastKnownFileType = sourcecode.swift; path = ContentView.swift; sourceTree = "<group>"; };
		CC8A5C21C31E2D01D0398911 /* viewer-static.min.js */ = {isa = PBXFileReference; lastKnownFileType = sourcecode.javascript; path = "viewer-static.min.js"; sourceTree = "<group>"; };
		CF3C5B03D6538A43D6642970 /* render.js */ = {isa = PBXFileReference; lastKnownFileType = sourcecode.javascript; path = render.js; sourceTree = "<group>"; };
		E2C988C4882CF2552CA9FCAF /* katex-inlined.min.css */ = {isa = PBXFileReference; lastKnownFileType = text.css; path = "katex-inlined.min.css"; sourceTree = "<group>"; };
		E8A9860649E34C9062766E73 /* QuickMarkDrawio.appex */ = {isa = PBXFileReference; explicitFileType = "wrapper.app-extension"; includeInIndex = 0; path = QuickMarkDrawio.appex; sourceTree = BUILT_PRODUCTS_DIR; };
		EB396954C692361D7C0E924A /* Markdown.entitlements */ = {isa = PBXFileReference; lastKnownFileType = text.plist.entitlements; path = Markdown.entitlements; sourceTree = "<group>"; };
		FB6691AFE4B67F1F3617DDA2 /* mermaid.min.js */ = {isa = PBXFileReference; lastKnownFileType = sourcecode.javascript; path = mermaid.min.js; sourceTree = "<group>"; };
		FDA36C174CBAC99F350A745D /* Info.plist */ = {isa = PBXFileReference; lastKnownFileType = text.plist; path = Info.plist; sourceTree = "<group>"; };
/* End PBXFileReference section */

/* Begin PBXGroup section */
		20E3225738EE284AE605E61C /* Products */ = {
			isa = PBXGroup;
			children = (
				039DE6F516B91ED5DDFEEAA7 /* QuickMark.app */,
				E8A9860649E34C9062766E73 /* QuickMarkDrawio.appex */,
				37DA3BBC24FD11A22175E2F1 /* QuickMarkPreview.appex */,
				C80CE75D0EB00B561ABB1018 /* QuickMarkTests.xctest */,
			);
			name = Products;
			sourceTree = "<group>";
		};
		69D6729A0998BA542BC88F5B /* Resources */ = {
			isa = PBXGroup;
			children = (
				202BB1A525B409CFF1EA48B0 /* highlight.min.js */,
				A8B67C7C6C85877EF496BD49 /* hljs-themes.css */,
				E2C988C4882CF2552CA9FCAF /* katex-inlined.min.css */,
				B4E8C01661186C19E8264797 /* katex.min.js */,
				384575201CF5C2420B1766CE /* markdown-it-footnote.min.js */,
				BE3679C89305E3D0C29688BD /* markdown-it-task-lists.min.js */,
				733EBB2778133BA55F3D6977 /* markdown-it.min.js */,
				FB6691AFE4B67F1F3617DDA2 /* mermaid.min.js */,
				CF3C5B03D6538A43D6642970 /* render.js */,
				523E7AAA8ABF3D839401ECD9 /* style.css */,
				AE674047DB03868496337751 /* texmath.min.css */,
				52DA12520FCA33919A26628C /* texmath.min.js */,
				CC8A5C21C31E2D01D0398911 /* viewer-static.min.js */,
			);
			name = Resources;
			path = Markdown/Resources;
			sourceTree = "<group>";
		};
		6A23A4C0E5E1EF15586F5DF6 /* Shared */ = {
			isa = PBXGroup;
			children = (
				992648D1F73305BF7775701D /* AppearancePreference.swift */,
				496D8582B19D7F290F24E99B /* MxGraphHelper.swift */,
			);
			path = Shared;
			sourceTree = "<group>";
		};
		6B6084DAAB840702B52095E8 /* QuickMarkTests */ = {
			isa = PBXGroup;
			children = (
				6F6F848359AE5DCC9100DA6A /* AppearancePreferenceTests.swift */,
				BB04BBF826383A2C078A9960 /* HTMLBuilderTests.swift */,
				8D4AF0F19C5C0CEB2D631E7E /* MarkdownProcessorTests.swift */,
				BA6417AEAB51F11D1D0B25CB /* MxGraphHelperTests.swift */,
				A136084A2324C29249FE2BF7 /* QuickMarkTests.entitlements */,
				B7F0CFCB2514CFA756DBFA7F /* RenderingTests.swift */,
			);
			path = QuickMarkTests;
			sourceTree = "<group>";
		};
		A52F448894DB876C0AF957AB /* QuickMark */ = {
			isa = PBXGroup;
			children = (
				43BCB4594E25E7A451777FE2 /* Assets.xcassets */,
				C92239FE1AFE0A52DE5E0FF6 /* ContentView.swift */,
				FDA36C174CBAC99F350A745D /* Info.plist */,
				653CE4750AE1FBB9B41ED4EC /* QuickMarkApp.swift */,
			);
			path = QuickMark;
			sourceTree = "<group>";
		};
		CF2BB1B0C84986D854E51C12 /* Resources */ = {
			isa = PBXGroup;
			children = (
				9E1D84ECE67AD6DA934BCD3D /* viewer-static.min.js */,
			);
			name = Resources;
			path = DrawIO/Resources;
			sourceTree = "<group>";
		};
		E099588C0CEF4D93F648EFEA = {
			isa = PBXGroup;
			children = (
				F2E50F4A068212B6333A0414 /* DrawIO */,
				EB297E0AE8AD2E289F96A485 /* Markdown */,
				A52F448894DB876C0AF957AB /* QuickMark */,
				6B6084DAAB840702B52095E8 /* QuickMarkTests */,
				CF2BB1B0C84986D854E51C12 /* Resources */,
				69D6729A0998BA542BC88F5B /* Resources */,
				6A23A4C0E5E1EF15586F5DF6 /* Shared */,
				20E3225738EE284AE605E61C /* Products */,
			);
			sourceTree = "<group>";
		};
		EB297E0AE8AD2E289F96A485 /* Markdown */ = {
			isa = PBXGroup;
			children = (
				95FDD838D2D05CF73EC9616B /* HTMLBuilder.swift */,
				B15951A3E2D2D87FBD8F8126 /* Info.plist */,
				EB396954C692361D7C0E924A /* Markdown.entitlements */,
				A3E88DDF1B9500E5AAF7A593 /* MarkdownProcessor.swift */,
				0FDE340D12F2796336DC8896 /* PreviewViewController.swift */,
			);
			path = Markdown;
			sourceTree = "<group>";
		};
		F2E50F4A068212B6333A0414 /* DrawIO */ = {
			isa = PBXGroup;
			children = (
				00AC091187852611E2B49248 /* DrawIO.entitlements */,
				A1F48449713EC8C69848C1F7 /* Info.plist */,
				982FCB0E3433F1ABDD5C4FF8 /* PreviewViewController.swift */,
			);
			path = DrawIO;
			sourceTree = "<group>";
		};
/* End PBXGroup section */

/* Begin PBXNativeTarget section */
		068CEFDEFEFF5BFAF7169E9D /* QuickMarkDrawio */ = {
			isa = PBXNativeTarget;
			buildConfigurationList = C12B0E1CDA4E0924F28AF291 /* Build configuration list for PBXNativeTarget "QuickMarkDrawio" */;
			buildPhases = (
				7A12C7012CC8C8E6CF1450D5 /* Sources */,
				1F48604A8B02270BC4481C51 /* Resources */,
			);
			buildRules = (
			);
			dependencies = (
			);
			name = QuickMarkDrawio;
			packageProductDependencies = (
			);
			productName = QuickMarkDrawio;
			productReference = E8A9860649E34C9062766E73 /* QuickMarkDrawio.appex */;
			productType = "com.apple.product-type.app-extension";
		};
		B85FFBA54E4768FA892422DD /* QuickMark */ = {
			isa = PBXNativeTarget;
			buildConfigurationList = BEDEDDCBCE7CCEB8BE90A5A0 /* Build configuration list for PBXNativeTarget "QuickMark" */;
			buildPhases = (
				19354D7E9B7A0213784FFFF9 /* Sources */,
				CC9FAFFEE2865905195B4DCA /* Resources */,
				CA66C3A76944738A4BBF3FA7 /* Embed Foundation Extensions */,
			);
			buildRules = (
			);
			dependencies = (
				828084238C9685899BEEFC20 /* PBXTargetDependency */,
				2F41C10568F21980FE22CC5C /* PBXTargetDependency */,
			);
			name = QuickMark;
			packageProductDependencies = (
			);
			productName = QuickMark;
			productReference = 039DE6F516B91ED5DDFEEAA7 /* QuickMark.app */;
			productType = "com.apple.product-type.application";
		};
		C56F086387193D1662C234B4 /* QuickMarkPreview */ = {
			isa = PBXNativeTarget;
			buildConfigurationList = 0D24CF277F950C7E56D9BC12 /* Build configuration list for PBXNativeTarget "QuickMarkPreview" */;
			buildPhases = (
				133E00500667C7B50B96A6D0 /* Sources */,
				0376593B6AD39FE1F9991BCB /* Resources */,
			);
			buildRules = (
			);
			dependencies = (
			);
			name = QuickMarkPreview;
			packageProductDependencies = (
			);
			productName = QuickMarkPreview;
			productReference = 37DA3BBC24FD11A22175E2F1 /* QuickMarkPreview.appex */;
			productType = "com.apple.product-type.app-extension";
		};
		EB70D779CBD93150B865048E /* QuickMarkTests */ = {
			isa = PBXNativeTarget;
			buildConfigurationList = 67EEC4767F7225386935F8A5 /* Build configuration list for PBXNativeTarget "QuickMarkTests" */;
			buildPhases = (
				55764025600C5D628785ED72 /* Sources */,
				39971303095B8C41D224387A /* Resources */,
			);
			buildRules = (
			);
			dependencies = (
			);
			name = QuickMarkTests;
			packageProductDependencies = (
			);
			productName = QuickMarkTests;
			productReference = C80CE75D0EB00B561ABB1018 /* QuickMarkTests.xctest */;
			productType = "com.apple.product-type.bundle.unit-test";
		};
/* End PBXNativeTarget section */

/* Begin PBXProject section */
		B7117A5C0B60D0F71FCD1A5E /* Project object */ = {
			isa = PBXProject;
			attributes = {
				BuildIndependentTargetsInParallel = YES;
				LastUpgradeCheck = 2630;
				TargetAttributes = {
					068CEFDEFEFF5BFAF7169E9D = {
						ProvisioningStyle = Automatic;
					};
					B85FFBA54E4768FA892422DD = {
						ProvisioningStyle = Automatic;
					};
					C56F086387193D1662C234B4 = {
						ProvisioningStyle = Automatic;
					};
					EB70D779CBD93150B865048E = {
						ProvisioningStyle = Automatic;
					};
				};
			};
			buildConfigurationList = E46A5D58C279DB0AFBAAD9B6 /* Build configuration list for PBXProject "QuickMark" */;
			developmentRegion = en;
			hasScannedForEncodings = 0;
			knownRegions = (
				Base,
				en,
			);
			mainGroup = E099588C0CEF4D93F648EFEA;
			minimizedProjectReferenceProxies = 1;
			preferredProjectObjectVersion = 77;
			productRefGroup = 20E3225738EE284AE605E61C /* Products */;
			projectDirPath = "";
			projectRoot = "";
			targets = (
				B85FFBA54E4768FA892422DD /* QuickMark */,
				068CEFDEFEFF5BFAF7169E9D /* QuickMarkDrawio */,
				C56F086387193D1662C234B4 /* QuickMarkPreview */,
				EB70D779CBD93150B865048E /* QuickMarkTests */,
			);
		};
/* End PBXProject section */

/* Begin PBXResourcesBuildPhase section */
		0376593B6AD39FE1F9991BCB /* Resources */ = {
			isa = PBXResourcesBuildPhase;
			buildActionMask = 2147483647;
			files = (
				43C46C23C16C16A68C49BB49 /* highlight.min.js in Resources */,
				B8CFAC2EF124404F384E4D7D /* hljs-themes.css in Resources */,
				1B2CFB60433E6D08902E063C /* katex-inlined.min.css in Resources */,
				9CE679DB5B277D7D465B0B8F /* katex.min.js in Resources */,
				FFBEF628372545749B97AFE2 /* markdown-it-footnote.min.js in Resources */,
				A05078668B77AD92D1E3C196 /* markdown-it-task-lists.min.js in Resources */,
				0FCB85F17AF7ABDBAE3AB443 /* markdown-it.min.js in Resources */,
				47ABD3B3E683A8E84AD5A830 /* mermaid.min.js in Resources */,
				C587BD8E27366A11E0DAB638 /* render.js in Resources */,
				ECB8BBF9EB5E4FEEEF39C390 /* style.css in Resources */,
				E60D3F1EDBDAA8EC3F2F479A /* texmath.min.css in Resources */,
				C75E4A5423514B8C52E57512 /* texmath.min.js in Resources */,
				CE9FC796CF1FC0F45A47E6CC /* viewer-static.min.js in Resources */,
			);
			runOnlyForDeploymentPostprocessing = 0;
		};
		1F48604A8B02270BC4481C51 /* Resources */ = {
			isa = PBXResourcesBuildPhase;
			buildActionMask = 2147483647;
			files = (
				3EBD2735FC27C39A13A13201 /* viewer-static.min.js in Resources */,
			);
			runOnlyForDeploymentPostprocessing = 0;
		};
		39971303095B8C41D224387A /* Resources */ = {
			isa = PBXResourcesBuildPhase;
			buildActionMask = 2147483647;
			files = (
				BAE77E5524202F0779CCF899 /* highlight.min.js in Resources */,
				DD4B3AA7CAE3A51AF5C74E89 /* hljs-themes.css in Resources */,
				5DBE460F9F40DDDCE4CFDF4F /* katex-inlined.min.css in Resources */,
				A27524EE45737F556B7C4F80 /* katex.min.js in Resources */,
				2380A3A4645A28C45B8490C9 /* markdown-it-footnote.min.js in Resources */,
				02EFB1F00D0DA0A73BBB2E61 /* markdown-it-task-lists.min.js in Resources */,
				802E9B7F6F296A388EAEAE7A /* markdown-it.min.js in Resources */,
				623C8CDC325A2A47AF2489D4 /* mermaid.min.js in Resources */,
				B063054690299EAE19264F4C /* render.js in Resources */,
				DDC15C4EB7F5565AAC5193F4 /* style.css in Resources */,
				35B7E144263FE75AE3993F98 /* texmath.min.css in Resources */,
				EAE82C679F8C02632758ABA3 /* texmath.min.js in Resources */,
				1D521E496227884AAE323D9E /* viewer-static.min.js in Resources */,
			);
			runOnlyForDeploymentPostprocessing = 0;
		};
		CC9FAFFEE2865905195B4DCA /* Resources */ = {
			isa = PBXResourcesBuildPhase;
			buildActionMask = 2147483647;
			files = (
				FE862145F68EE7761CAD9ED9 /* Assets.xcassets in Resources */,
			);
			runOnlyForDeploymentPostprocessing = 0;
		};
/* End PBXResourcesBuildPhase section */

/* Begin PBXSourcesBuildPhase section */
		133E00500667C7B50B96A6D0 /* Sources */ = {
			isa = PBXSourcesBuildPhase;
			buildActionMask = 2147483647;
			files = (
				26305F759015BB6FDF55F2A4 /* AppearancePreference.swift in Sources */,
				3BBEBD3D34105E55E8A8E66E /* HTMLBuilder.swift in Sources */,
				82725FB873BF2FA202333545 /* MarkdownProcessor.swift in Sources */,
				297B075EF7C553C49C61487B /* MxGraphHelper.swift in Sources */,
				E9DE1F35E970734F9F3C4E06 /* PreviewViewController.swift in Sources */,
			);
			runOnlyForDeploymentPostprocessing = 0;
		};
		19354D7E9B7A0213784FFFF9 /* Sources */ = {
			isa = PBXSourcesBuildPhase;
			buildActionMask = 2147483647;
			files = (
				3D1B288FF000AAEF90FABB2A /* AppearancePreference.swift in Sources */,
				1680DC704AEFB3DEB9526989 /* ContentView.swift in Sources */,
				F9764956B3BB16055609F58C /* MxGraphHelper.swift in Sources */,
				6984BEBAA997CEF0DEE37A6A /* QuickMarkApp.swift in Sources */,
			);
			runOnlyForDeploymentPostprocessing = 0;
		};
		55764025600C5D628785ED72 /* Sources */ = {
			isa = PBXSourcesBuildPhase;
			buildActionMask = 2147483647;
			files = (
				D730DCAD2115B682CC9A770A /* AppearancePreference.swift in Sources */,
				3DEE2AA9F3022FDCE306AC3B /* AppearancePreferenceTests.swift in Sources */,
				820D5FD883F51564F03DE884 /* HTMLBuilder.swift in Sources */,
				5A45F178AAA310766D7727B0 /* HTMLBuilderTests.swift in Sources */,
				D64B39EADF670D7D00C2D103 /* MarkdownProcessor.swift in Sources */,
				B8B8E94D65BC1B70E5925ABB /* MarkdownProcessorTests.swift in Sources */,
				86D9D917876AD6A0DEAD5318 /* MxGraphHelper.swift in Sources */,
				12058D46FB6E68742B3F3117 /* MxGraphHelperTests.swift in Sources */,
				B92054FE83D5FBD36F95BA50 /* RenderingTests.swift in Sources */,
			);
			runOnlyForDeploymentPostprocessing = 0;
		};
		7A12C7012CC8C8E6CF1450D5 /* Sources */ = {
			isa = PBXSourcesBuildPhase;
			buildActionMask = 2147483647;
			files = (
				93DACCBCDFF928EDD81A8588 /* AppearancePreference.swift in Sources */,
				E395593C0DB9B425FD922DDF /* MxGraphHelper.swift in Sources */,
				817D4640E18EB700302E4632 /* PreviewViewController.swift in Sources */,
			);
			runOnlyForDeploymentPostprocessing = 0;
		};
/* End PBXSourcesBuildPhase section */

/* Begin PBXTargetDependency section */
		2F41C10568F21980FE22CC5C /* PBXTargetDependency */ = {
			isa = PBXTargetDependency;
			target = 068CEFDEFEFF5BFAF7169E9D /* QuickMarkDrawio */;
			targetProxy = C1033E520461A9242AF3D99A /* PBXContainerItemProxy */;
		};
		828084238C9685899BEEFC20 /* PBXTargetDependency */ = {
			isa = PBXTargetDependency;
			target = C56F086387193D1662C234B4 /* QuickMarkPreview */;
			targetProxy = 703ABE21939FB8387363F2BD /* PBXContainerItemProxy */;
		};
/* End PBXTargetDependency section */

/* Begin XCBuildConfiguration section */
		081ABCF6BB1F2760EC80D4C6 /* Release */ = {
			isa = XCBuildConfiguration;
			buildSettings = {
				ALWAYS_SEARCH_USER_PATHS = NO;
				ASSETCATALOG_COMPILER_GENERATE_ASSET_SYMBOL_EXTENSIONS = YES;
				CLANG_ANALYZER_NONNULL = YES;
				CLANG_ANALYZER_NUMBER_OBJECT_CONVERSION = YES_AGGRESSIVE;
				CLANG_CXX_LANGUAGE_STANDARD = "gnu++14";
				CLANG_CXX_LIBRARY = "libc++";
				CLANG_ENABLE_MODULES = YES;
				CLANG_ENABLE_OBJC_ARC = YES;
				CLANG_ENABLE_OBJC_WEAK = YES;
				CLANG_WARN_BLOCK_CAPTURE_AUTORELEASING = YES;
				CLANG_WARN_BOOL_CONVERSION = YES;
				CLANG_WARN_COMMA = YES;
				CLANG_WARN_CONSTANT_CONVERSION = YES;
				CLANG_WARN_DEPRECATED_OBJC_IMPLEMENTATIONS = YES;
				CLANG_WARN_DIRECT_OBJC_ISA_USAGE = YES_ERROR;
				CLANG_WARN_DOCUMENTATION_COMMENTS = YES;
				CLANG_WARN_EMPTY_BODY = YES;
				CLANG_WARN_ENUM_CONVERSION = YES;
				CLANG_WARN_INFINITE_RECURSION = YES;
				CLANG_WARN_INT_CONVERSION = YES;
				CLANG_WARN_NON_LITERAL_NULL_CONVERSION = YES;
				CLANG_WARN_OBJC_IMPLICIT_RETAIN_SELF = YES;
				CLANG_WARN_OBJC_LITERAL_CONVERSION = YES;
				CLANG_WARN_OBJC_ROOT_CLASS = YES_ERROR;
				CLANG_WARN_QUOTED_INCLUDE_IN_FRAMEWORK_HEADER = YES;
				CLANG_WARN_RANGE_LOOP_ANALYSIS = YES;
				CLANG_WARN_STRICT_PROTOTYPES = YES;
				CLANG_WARN_SUSPICIOUS_MOVE = YES;
				CLANG_WARN_UNGUARDED_AVAILABILITY = YES_AGGRESSIVE;
				CLANG_WARN_UNREACHABLE_CODE = YES;
				CLANG_WARN__DUPLICATE_METHOD_MATCH = YES;
				CODE_SIGN_STYLE = Automatic;
				COPY_PHASE_STRIP = NO;
				DEAD_CODE_STRIPPING = YES;
				DEBUG_INFORMATION_FORMAT = "dwarf-with-dsym";
				ENABLE_NS_ASSERTIONS = NO;
				ENABLE_STRICT_OBJC_MSGSEND = YES;
				ENABLE_USER_SCRIPT_SANDBOXING = YES;
				GCC_C_LANGUAGE_STANDARD = gnu11;
				GCC_NO_COMMON_BLOCKS = YES;
				GCC_WARN_64_TO_32_BIT_CONVERSION = YES;
				GCC_WARN_ABOUT_RETURN_TYPE = YES_ERROR;
				GCC_WARN_UNDECLARED_SELECTOR = YES;
				GCC_WARN_UNINITIALIZED_AUTOS = YES_AGGRESSIVE;
				GCC_WARN_UNUSED_FUNCTION = YES;
				GCC_WARN_UNUSED_VARIABLE = YES;
				MACOSX_DEPLOYMENT_TARGET = 12.0;
				MTL_ENABLE_DEBUG_INFO = NO;
				MTL_FAST_MATH = YES;
				PRODUCT_NAME = "$(TARGET_NAME)";
				SDKROOT = macosx;
				STRING_CATALOG_GENERATE_SYMBOLS = YES;
				SWIFT_COMPILATION_MODE = wholemodule;
				SWIFT_OPTIMIZATION_LEVEL = "-O";
				SWIFT_VERSION = 5.9;
			};
			name = Release;
		};
		0DA8D704B6276F7E7AA668E4 /* Debug */ = {
			isa = XCBuildConfiguration;
			buildSettings = {
				CODE_SIGN_ENTITLEMENTS = DrawIO/DrawIO.entitlements;
				COMBINE_HIDPI_IMAGES = YES;
				ENABLE_APP_SANDBOX = YES;
				ENABLE_HARDENED_RUNTIME = YES;
				ENABLE_OUTGOING_NETWORK_CONNECTIONS = YES;
				ENABLE_USER_SELECTED_FILES = readonly;
				INFOPLIST_FILE = DrawIO/Info.plist;
				LD_RUNPATH_SEARCH_PATHS = (
					"$(inherited)",
					"@executable_path/../Frameworks",
					"@executable_path/../../../../Frameworks",
				);
				PRODUCT_BUNDLE_IDENTIFIER = com.quickmark.QuickMark.QuickMarkDrawio;
				SDKROOT = macosx;
			};
			name = Debug;
		};
		37EC2A59B2C6896CE6030358 /* Release */ = {
			isa = XCBuildConfiguration;
			buildSettings = {
				BUNDLE_LOADER = "$(TEST_HOST)";
				CODE_SIGN_ENTITLEMENTS = QuickMarkTests/QuickMarkTests.entitlements;
				COMBINE_HIDPI_IMAGES = YES;
				ENABLE_APP_SANDBOX = YES;
				ENABLE_HARDENED_RUNTIME = YES;
				ENABLE_OUTGOING_NETWORK_CONNECTIONS = YES;
				GENERATE_INFOPLIST_FILE = YES;
				LD_RUNPATH_SEARCH_PATHS = (
					"$(inherited)",
					"@executable_path/../Frameworks",
					"@loader_path/../Frameworks",
				);
				PRODUCT_BUNDLE_IDENTIFIER = com.quickmark.QuickMarkTests;
				SDKROOT = macosx;
			};
			name = Release;
		};
		4393B245CE74BE686B15BF75 /* Release */ = {
			isa = XCBuildConfiguration;
			buildSettings = {
				CODE_SIGN_ENTITLEMENTS = DrawIO/DrawIO.entitlements;
				COMBINE_HIDPI_IMAGES = YES;
				ENABLE_APP_SANDBOX = YES;
				ENABLE_HARDENED_RUNTIME = YES;
				ENABLE_OUTGOING_NETWORK_CONNECTIONS = YES;
				ENABLE_USER_SELECTED_FILES = readonly;
				INFOPLIST_FILE = DrawIO/Info.plist;
				LD_RUNPATH_SEARCH_PATHS = (
					"$(inherited)",
					"@executable_path/../Frameworks",
					"@executable_path/../../../../Frameworks",
				);
				PRODUCT_BUNDLE_IDENTIFIER = com.quickmark.QuickMark.QuickMarkDrawio;
				SDKROOT = macosx;
			};
			name = Release;
		};
		45057D1A5D5FEB97EC5C75E7 /* Debug */ = {
			isa = XCBuildConfiguration;
			buildSettings = {
				ALWAYS_SEARCH_USER_PATHS = NO;
				ASSETCATALOG_COMPILER_GENERATE_ASSET_SYMBOL_EXTENSIONS = YES;
				CLANG_ANALYZER_NONNULL = YES;
				CLANG_ANALYZER_NUMBER_OBJECT_CONVERSION = YES_AGGRESSIVE;
				CLANG_CXX_LANGUAGE_STANDARD = "gnu++14";
				CLANG_CXX_LIBRARY = "libc++";
				CLANG_ENABLE_MODULES = YES;
				CLANG_ENABLE_OBJC_ARC = YES;
				CLANG_ENABLE_OBJC_WEAK = YES;
				CLANG_WARN_BLOCK_CAPTURE_AUTORELEASING = YES;
				CLANG_WARN_BOOL_CONVERSION = YES;
				CLANG_WARN_COMMA = YES;
				CLANG_WARN_CONSTANT_CONVERSION = YES;
				CLANG_WARN_DEPRECATED_OBJC_IMPLEMENTATIONS = YES;
				CLANG_WARN_DIRECT_OBJC_ISA_USAGE = YES_ERROR;
				CLANG_WARN_DOCUMENTATION_COMMENTS = YES;
				CLANG_WARN_EMPTY_BODY = YES;
				CLANG_WARN_ENUM_CONVERSION = YES;
				CLANG_WARN_INFINITE_RECURSION = YES;
				CLANG_WARN_INT_CONVERSION = YES;
				CLANG_WARN_NON_LITERAL_NULL_CONVERSION = YES;
				CLANG_WARN_OBJC_IMPLICIT_RETAIN_SELF = YES;
				CLANG_WARN_OBJC_LITERAL_CONVERSION = YES;
				CLANG_WARN_OBJC_ROOT_CLASS = YES_ERROR;
				CLANG_WARN_QUOTED_INCLUDE_IN_FRAMEWORK_HEADER = YES;
				CLANG_WARN_RANGE_LOOP_ANALYSIS = YES;
				CLANG_WARN_STRICT_PROTOTYPES = YES;
				CLANG_WARN_SUSPICIOUS_MOVE = YES;
				CLANG_WARN_UNGUARDED_AVAILABILITY = YES_AGGRESSIVE;
				CLANG_WARN_UNREACHABLE_CODE = YES;
				CLANG_WARN__DUPLICATE_METHOD_MATCH = YES;
				CODE_SIGN_STYLE = Automatic;
				COPY_PHASE_STRIP = NO;
				DEAD_CODE_STRIPPING = YES;
				DEBUG_INFORMATION_FORMAT = dwarf;
				ENABLE_STRICT_OBJC_MSGSEND = YES;
				ENABLE_TESTABILITY = YES;
				ENABLE_USER_SCRIPT_SANDBOXING = YES;
				GCC_C_LANGUAGE_STANDARD = gnu11;
				GCC_DYNAMIC_NO_PIC = NO;
				GCC_NO_COMMON_BLOCKS = YES;
				GCC_OPTIMIZATION_LEVEL = 0;
				GCC_PREPROCESSOR_DEFINITIONS = (
					"$(inherited)",
					"DEBUG=1",
				);
				GCC_WARN_64_TO_32_BIT_CONVERSION = YES;
				GCC_WARN_ABOUT_RETURN_TYPE = YES_ERROR;
				GCC_WARN_UNDECLARED_SELECTOR = YES;
				GCC_WARN_UNINITIALIZED_AUTOS = YES_AGGRESSIVE;
				GCC_WARN_UNUSED_FUNCTION = YES;
				GCC_WARN_UNUSED_VARIABLE = YES;
				MACOSX_DEPLOYMENT_TARGET = 12.0;
				MTL_ENABLE_DEBUG_INFO = INCLUDE_SOURCE;
				MTL_FAST_MATH = YES;
				ONLY_ACTIVE_ARCH = YES;
				PRODUCT_NAME = "$(TARGET_NAME)";
				SDKROOT = macosx;
				STRING_CATALOG_GENERATE_SYMBOLS = YES;
				SWIFT_ACTIVE_COMPILATION_CONDITIONS = DEBUG;
				SWIFT_OPTIMIZATION_LEVEL = "-Onone";
				SWIFT_VERSION = 5.9;
			};
			name = Debug;
		};
		69D6FA2A610EC3C7EFA425E1 /* Debug */ = {
			isa = XCBuildConfiguration;
			buildSettings = {
				BUNDLE_LOADER = "$(TEST_HOST)";
				CODE_SIGN_ENTITLEMENTS = QuickMarkTests/QuickMarkTests.entitlements;
				COMBINE_HIDPI_IMAGES = YES;
				ENABLE_APP_SANDBOX = YES;
				ENABLE_HARDENED_RUNTIME = YES;
				ENABLE_OUTGOING_NETWORK_CONNECTIONS = YES;
				GENERATE_INFOPLIST_FILE = YES;
				LD_RUNPATH_SEARCH_PATHS = (
					"$(inherited)",
					"@executable_path/../Frameworks",
					"@loader_path/../Frameworks",
				);
				PRODUCT_BUNDLE_IDENTIFIER = com.quickmark.QuickMarkTests;
				SDKROOT = macosx;
			};
			name = Debug;
		};
		97AA5DBFBDB95A407EEE36B7 /* Debug */ = {
			isa = XCBuildConfiguration;
			buildSettings = {
				ASSETCATALOG_COMPILER_APPICON_NAME = AppIcon;
				COMBINE_HIDPI_IMAGES = YES;
				INFOPLIST_FILE = QuickMark/Info.plist;
				LD_RUNPATH_SEARCH_PATHS = (
					"$(inherited)",
					"@executable_path/../Frameworks",
				);
				PRODUCT_BUNDLE_IDENTIFIER = com.quickmark.QuickMark;
				SDKROOT = macosx;
			};
			name = Debug;
		};
		AC5813D9CB96B401667782E4 /* Release */ = {
			isa = XCBuildConfiguration;
			buildSettings = {
				ASSETCATALOG_COMPILER_APPICON_NAME = AppIcon;
				COMBINE_HIDPI_IMAGES = YES;
				INFOPLIST_FILE = QuickMark/Info.plist;
				LD_RUNPATH_SEARCH_PATHS = (
					"$(inherited)",
					"@executable_path/../Frameworks",
				);
				PRODUCT_BUNDLE_IDENTIFIER = com.quickmark.QuickMark;
				SDKROOT = macosx;
			};
			name = Release;
		};
		BE18C152D978059B0DA84E40 /* Debug */ = {
			isa = XCBuildConfiguration;
			buildSettings = {
				CODE_SIGN_ENTITLEMENTS = Markdown/Markdown.entitlements;
				COMBINE_HIDPI_IMAGES = YES;
				ENABLE_APP_SANDBOX = YES;
				ENABLE_HARDENED_RUNTIME = YES;
				ENABLE_OUTGOING_NETWORK_CONNECTIONS = YES;
				ENABLE_USER_SELECTED_FILES = readonly;
				INFOPLIST_FILE = Markdown/Info.plist;
				LD_RUNPATH_SEARCH_PATHS = (
					"$(inherited)",
					"@executable_path/../Frameworks",
					"@executable_path/../../../../Frameworks",
				);
				PRODUCT_BUNDLE_IDENTIFIER = com.quickmark.QuickMark.QuickMarkPreview;
				SDKROOT = macosx;
			};
			name = Debug;
		};
		F018BA44EAD5CF05ED55BCB6 /* Release */ = {
			isa = XCBuildConfiguration;
			buildSettings = {
				CODE_SIGN_ENTITLEMENTS = Markdown/Markdown.entitlements;
				COMBINE_HIDPI_IMAGES = YES;
				ENABLE_APP_SANDBOX = YES;
				ENABLE_HARDENED_RUNTIME = YES;
				ENABLE_OUTGOING_NETWORK_CONNECTIONS = YES;
				ENABLE_USER_SELECTED_FILES = readonly;
				INFOPLIST_FILE = Markdown/Info.plist;
				LD_RUNPATH_SEARCH_PATHS = (
					"$(inherited)",
					"@executable_path/../Frameworks",
					"@executable_path/../../../../Frameworks",
				);
				PRODUCT_BUNDLE_IDENTIFIER = com.quickmark.QuickMark.QuickMarkPreview;
				SDKROOT = macosx;
			};
			name = Release;
		};
/* End XCBuildConfiguration section */

/* Begin XCConfigurationList section */
		0D24CF277F950C7E56D9BC12 /* Build configuration list for PBXNativeTarget "QuickMarkPreview" */ = {
			isa = XCConfigurationList;
			buildConfigurations = (
				BE18C152D978059B0DA84E40 /* Debug */,
				F018BA44EAD5CF05ED55BCB6 /* Release */,
			);
			defaultConfigurationIsVisible = 0;
			defaultConfigurationName = Debug;
		};
		67EEC4767F7225386935F8A5 /* Build configuration list for PBXNativeTarget "QuickMarkTests" */ = {
			isa = XCConfigurationList;
			buildConfigurations = (
				69D6FA2A610EC3C7EFA425E1 /* Debug */,
				37EC2A59B2C6896CE6030358 /* Release */,
			);
			defaultConfigurationIsVisible = 0;
			defaultConfigurationName = Debug;
		};
		BEDEDDCBCE7CCEB8BE90A5A0 /* Build configuration list for PBXNativeTarget "QuickMark" */ = {
			isa = XCConfigurationList;
			buildConfigurations = (
				97AA5DBFBDB95A407EEE36B7 /* Debug */,
				AC5813D9CB96B401667782E4 /* Release */,
			);
			defaultConfigurationIsVisible = 0;
			defaultConfigurationName = Debug;
		};
		C12B0E1CDA4E0924F28AF291 /* Build configuration list for PBXNativeTarget "QuickMarkDrawio" */ = {
			isa = XCConfigurationList;
			buildConfigurations = (
				0DA8D704B6276F7E7AA668E4 /* Debug */,
				4393B245CE74BE686B15BF75 /* Release */,
			);
			defaultConfigurationIsVisible = 0;
			defaultConfigurationName = Debug;
		};
		E46A5D58C279DB0AFBAAD9B6 /* Build configuration list for PBXProject "QuickMark" */ = {
			isa = XCConfigurationList;
			buildConfigurations = (
				45057D1A5D5FEB97EC5C75E7 /* Debug */,
				081ABCF6BB1F2760EC80D4C6 /* Release */,
			);
			defaultConfigurationIsVisible = 0;
			defaultConfigurationName = Debug;
		};
/* End XCConfigurationList section */
	};
	rootObject = B7117A5C0B60D0F71FCD1A5E /* Project object */;
}
